
Microsoft Visual Studio Solution File, Format Version 12.00
# Visual Studio Version 16
VisualStudioVersion = 16.0.31112.23
MinimumVisualStudioVersion = 10.0.40219.1
Project("{FAE04EC0-301F-11D3-BF4B-00C04F79EFBC}") = "DataAccess", "DataAccess\DataAccess.csproj", "{8EE970DD-6978-4495-BD20-0B25A4AAD33E}"
EndProject
Project("{FAE04EC0-301F-11D3-BF4B-00C04F79EFBC}") = "Business", "Business\Business.csproj", "{FECAB3B3-5617-40FD-8636-68B7D5A94296}"
EndProject
Project("{FAE04EC0-301F-11D3-BF4B-00C04F79EFBC}") = "Entities", "Entities\Entities.csproj", "{AD55AFEE-ED9F-410F-BC5A-A461089EEF34}"
EndProject
Project("{FAE04EC0-301F-11D3-BF4B-00C04F79EFBC}") = "ConsoleUI", "ConsoleUI\ConsoleUI.csproj", "{892F9E85-2B0B-4D8F-8A1B-E215E0C60AD7}"
EndProject
Global
	GlobalSection(SolutionConfigurationPlatforms) = preSolution
		Debug|Any CPU = Debug|Any CPU
		Release|Any CPU = Release|Any CPU
	EndGlobalSection
	GlobalSection(ProjectConfigurationPlatforms) = postSolution
		{8EE970DD-6978-4495-BD20-0B25A4AAD33E}.Debug|Any CPU.ActiveCfg = Debug|Any CPU
		{8EE970DD-6978-4495-BD20-0B25A4AAD33E}.Debug|Any CPU.Build.0 = Debug|Any CPU
		{8EE970DD-6978-4495-BD20-0B25A4AAD33E}.Release|Any CPU.ActiveCfg = Release|Any CPU
		{8EE970DD-6978-4495-BD20-0B25A4AAD33E}.Release|Any CPU.Build.0 = Release|Any CPU
		{FECAB3B3-5617-40FD-8636-68B7D5A94296}.Debug|Any CPU.ActiveCfg = Debug|Any CPU
		{FECAB3B3-5617-40FD-8636-68B7D5A94296}.Debug|Any CPU.Build.0 = Debug|Any CPU
		{FECAB3B3-5617-40FD-8636-68B7D5A94296}.Release|Any CPU.ActiveCfg = Release|Any CPU
		{FECAB3B3-5617-40FD-8636-68B7D5A94296}.Release|Any CPU.Build.0 = Release|Any CPU
		{AD55AFEE-ED9F-410F-BC5A-A461089EEF34}.Debug|Any CPU.ActiveCfg = Debug|Any CPU
		{AD55AFEE-ED9F-410F-BC5A-A461089EEF34}.Debug|Any CPU.Build.0 = Debug|Any CPU
		{AD55AFEE-ED9F-410F-BC5A-A461089EEF34}.Release|Any CPU.ActiveCfg = Release|Any CPU
		{AD55AFEE-ED9F-410F-BC5A-A461089EEF34}.Release|Any CPU.Build.0 = Release|Any CPU
		{892F9E85-2B0B-4D8F-8A1B-E215E0C60AD7}.Debug|Any CPU.ActiveCfg = Debug|Any CPU
		{892F9E85-2B0B-4D8F-8A1B-E215E0C60AD7}.Debug|Any CPU.Build.0 = Debug|Any CPU
		{892F9E85-2B0B-4D8F-8A1B-E215E0C60AD7}.Release|Any CPU.ActiveCfg = Release|Any CPU
		{892F9E85-2B0B-4D8F-8A1B-E215E0C60AD7}.Release|Any CPU.Build.0 = Release|Any CPU
	EndGlobalSection
	GlobalSection(SolutionProperties) = preSolution
		HideSolutionNode = FALSE
	EndGlobalSection
	GlobalSection(ExtensibilityGlobals) = postSolution
		SolutionGuid = {4BC768BC-75B0-432A-BA73-C7F3A02F509A}
	EndGlobalSection
EndGlobal
